# @generated by Move, please check-in and do not edit manually.

[move]
version = 2
manifest_digest = "980A92F6004E2BA06805FC94A718891A879535B74F11A218F3C7E1BA8C8C42DD"
deps_digest = "F9B494B64F0615AED0E98FC12A85B85ECD2BC5185C22D30E7F67786BB52E507C"
dependencies = [
  { name = "Abi" },
  { name = "AxelarGateway" },
  { name = "Sui" },
  { name = "Utils" },
]

[[move.package]]
name = "Abi"
source = { local = "../abi" }

dependencies = [
  { name = "Sui" },
]

[[move.package]]
name = "AxelarGateway"
source = { local = "../axelar_gateway" }

dependencies = [
  { name = "Sui" },
  { name = "Utils" },
]

[[move.package]]
name = "MoveStdlib"
source = { git = "https://github.com/MystenLabs/sui.git", rev = "mainnet-v1.32.2", subdir = "crates/sui-framework/packages/move-stdlib" }

[[move.package]]
name = "Sui"
source = { git = "https://github.com/MystenLabs/sui.git", rev = "mainnet-v1.32.2", subdir = "crates/sui-framework/packages/sui-framework" }

dependencies = [
  { name = "MoveStdlib" },
]

[[move.package]]
name = "Utils"
source = { local = "../utils" }

dependencies = [
  { name = "Sui" },
]

[move.toolchain-version]
compiler-version = "1.32.2"
edition = "2024.beta"
flavor = "sui"
