# @generated by Move, please check-in and do not edit manually.

[move]
version = 2
manifest_digest = "1289E36D1E516F6A74DB56489F631BA3994E96F0EEB1EC32B8079EAED97EB16C"
deps_digest = "3C4103934B1E040BB6B23F1D610B4EF9F2F1166A50A104EADCF77467C004C600"
dependencies = [
  { name = "Sui" },
  { name = "VersionControl" },
]

[[move.package]]
name = "MoveStdlib"
source = { git = "https://github.com/MystenLabs/sui.git", rev = "mainnet-v1.32.2", subdir = "crates/sui-framework/packages/move-stdlib" }

[[move.package]]
name = "Sui"
source = { git = "https://github.com/MystenLabs/sui.git", rev = "mainnet-v1.32.2", subdir = "crates/sui-framework/packages/sui-framework" }

dependencies = [
  { name = "MoveStdlib" },
]

[[move.package]]
name = "VersionControl"
source = { local = "../version_control" }

dependencies = [
  { name = "Sui" },
]

[move.toolchain-version]
compiler-version = "1.32.0"
edition = "2024.beta"
flavor = "sui"
