# @generated by Move, please check-in and do not edit manually.

[move]
version = 3
manifest_digest = "C29AEC3A18805EA1C5A2FCA5811D6AAD6BE44E394A8FDF0B02FB34D3409F4D3E"
deps_digest = "3C4103934B1E040BB6B23F1D610B4EF9F2F1166A50A104EADCF77467C004C600"
dependencies = [
  { id = "Sui", name = "Sui" },
  { id = "VersionControl", name = "VersionControl" },
]

[[move.package]]
id = "MoveStdlib"
source = { git = "https://github.com/MystenLabs/sui.git", rev = "mainnet-v1.35.2", subdir = "crates/sui-framework/packages/move-stdlib" }

[[move.package]]
id = "Sui"
source = { git = "https://github.com/MystenLabs/sui.git", rev = "mainnet-v1.35.2", subdir = "crates/sui-framework/packages/sui-framework" }

dependencies = [
  { id = "MoveStdlib", name = "MoveStdlib" },
]

[[move.package]]
id = "VersionControl"
source = { local = "../version_control" }

dependencies = [
  { id = "Sui", name = "Sui" },
]

[move.toolchain-version]
compiler-version = "1.35.2"
edition = "2024.beta"
flavor = "sui"
