# @generated by Move, please check-in and do not edit manually.

[move]
version = 2
manifest_digest = "0883F679CFDA6775649CA0DAB4FE3BC8E052C05BC291D51F9F2BD67FFBCA85F3"
deps_digest = "060AD7E57DFB13104F21BE5F5C3759D03F0553FC3229247D9A7A6B45F50D03A3"
dependencies = [
  { name = "AxelarGateway" },
  { name = "Governance" },
  { name = "Sui" },
]

[[move.package]]
name = "Abi"
source = { local = "../abi" }

dependencies = [
  { name = "Sui" },
]

[[move.package]]
name = "AxelarGateway"
source = { local = "../axelar_gateway" }

dependencies = [
  { name = "Sui" },
]

[[move.package]]
name = "Governance"
source = { local = "../governance" }

dependencies = [
  { name = "Abi" },
  { name = "AxelarGateway" },
  { name = "Sui" },
]

[[move.package]]
name = "MoveStdlib"
source = { git = "https://github.com/MystenLabs/sui.git", rev = "mainnet-v1.32.2", subdir = "crates/sui-framework/packages/move-stdlib" }

[[move.package]]
name = "Sui"
source = { git = "https://github.com/MystenLabs/sui.git", rev = "mainnet-v1.32.2", subdir = "crates/sui-framework/packages/sui-framework" }

dependencies = [
  { name = "MoveStdlib" },
]

[move.toolchain-version]
compiler-version = "1.32.0"
edition = "2024.beta"
flavor = "sui"
