# @generated by Move, please check-in and do not edit manually.

[move]
version = 2
manifest_digest = "103D781F6FF1A37F2C3D7151E07CFC9094BE8E967192864546A7DA6F3A44BB86"
deps_digest = "52B406A7A21811BEF51751CF88DA0E76DAEFFEAC888D4F4060B1A72BBE7D8D35"
dependencies = [
  { name = "Abi" },
  { name = "AxelarGateway" },
  { name = "RelayerDiscovery" },
  { name = "Sui" },
  { name = "Utils" },
  { name = "VersionControl" },
]

[[move.package]]
name = "Abi"
source = { local = "../abi" }

dependencies = [
  { name = "Sui" },
]

[[move.package]]
name = "AxelarGateway"
source = { local = "../axelar_gateway" }

dependencies = [
  { name = "Sui" },
  { name = "Utils" },
  { name = "VersionControl" },
]

[[move.package]]
name = "MoveStdlib"
source = { git = "https://github.com/MystenLabs/sui.git", rev = "mainnet-v1.32.2", subdir = "crates/sui-framework/packages/move-stdlib" }

[[move.package]]
name = "RelayerDiscovery"
source = { local = "../relayer_discovery" }

dependencies = [
  { name = "AxelarGateway" },
  { name = "Sui" },
  { name = "VersionControl" },
]

[[move.package]]
name = "Sui"
source = { git = "https://github.com/MystenLabs/sui.git", rev = "mainnet-v1.32.2", subdir = "crates/sui-framework/packages/sui-framework" }

dependencies = [
  { name = "MoveStdlib" },
]

[[move.package]]
name = "Utils"
source = { local = "../utils" }

dependencies = [
  { name = "Sui" },
]

[[move.package]]
name = "VersionControl"
source = { local = "../version_control" }

dependencies = [
  { name = "Sui" },
]

[move.toolchain-version]
compiler-version = "1.32.2"
edition = "2024.beta"
flavor = "sui"
