# @generated by Move, please check-in and do not edit manually.

[move]
version = 3
manifest_digest = "DB11ACB0F4E4DA583CCEA1F271BD1DC92657A9AA3CA46FB0E9C085351DB7BE0A"
deps_digest = "04732BFEF428F74DE262001DC455D76B909EBC394B034A9A15CC095E4BDD9CEF"
dependencies = [
  { id = "AxelarGateway", name = "AxelarGateway" },
  { id = "InterchainTokenService", name = "InterchainTokenService" },
  { id = "RelayerDiscovery", name = "RelayerDiscovery" },
  { id = "Sui", name = "Sui" },
  { id = "Utils", name = "Utils" },
  { id = "VersionControl", name = "VersionControl" },
  { id = "deepbook", name = "deepbook" },
  { id = "token", name = "token" },
]

[[move.package]]
id = "Abi"
source = { local = "../abi" }

dependencies = [
  { id = "Sui", name = "Sui" },
]

[[move.package]]
id = "AxelarGateway"
source = { local = "../axelar_gateway" }

dependencies = [
  { id = "MoveStdlib", name = "MoveStdlib" },
  { id = "Sui", name = "Sui" },
  { id = "Utils", name = "Utils" },
  { id = "VersionControl", name = "VersionControl" },
]

[[move.package]]
id = "InterchainTokenService"
source = { local = "../interchain_token_service" }

dependencies = [
  { id = "Abi", name = "Abi" },
  { id = "AxelarGateway", name = "AxelarGateway" },
  { id = "RelayerDiscovery", name = "RelayerDiscovery" },
  { id = "Sui", name = "Sui" },
  { id = "Utils", name = "Utils" },
  { id = "VersionControl", name = "VersionControl" },
]

[[move.package]]
id = "MoveStdlib"
source = { git = "https://github.com/MystenLabs/sui.git", rev = "mainnet-v1.38.3", subdir = "crates/sui-framework/packages/move-stdlib" }

[[move.package]]
id = "RelayerDiscovery"
source = { local = "../relayer_discovery" }

dependencies = [
  { id = "AxelarGateway", name = "AxelarGateway" },
  { id = "Sui", name = "Sui" },
  { id = "VersionControl", name = "VersionControl" },
]

[[move.package]]
id = "Sui"
source = { git = "https://github.com/MystenLabs/sui.git", rev = "mainnet-v1.38.3", subdir = "crates/sui-framework/packages/sui-framework" }

dependencies = [
  { id = "MoveStdlib", name = "MoveStdlib" },
]

[[move.package]]
id = "Utils"
source = { local = "../utils" }

dependencies = [
  { id = "Sui", name = "Sui" },
]

[[move.package]]
id = "VersionControl"
source = { local = "../version_control" }

dependencies = [
  { id = "Sui", name = "Sui" },
]

[[move.package]]
id = "deepbook"
source = { git = "https://github.com/axelarnetwork/deepbookv3.git", rev = "mainnet-v1.38.3", subdir = "packages/deepbook" }

dependencies = [
  { id = "Sui", name = "Sui" },
  { id = "token", name = "token" },
]

[[move.package]]
id = "token"
source = { git = "https://github.com/axelarnetwork/deepbookv3.git", rev = "mainnet-v1.38.3", subdir = "packages/token" }

dependencies = [
  { id = "Sui", name = "Sui" },
]

[move.toolchain-version]
compiler-version = "1.38.3"
edition = "2024"
flavor = "sui"
