# @generated by Move, please check-in and do not edit manually.

[move]
version = 2
manifest_digest = "F04564A9B03EECFDBF7CA6366332C84FE6CD5664BA92120778113C63A95FFC65"
deps_digest = "F9B494B64F0615AED0E98FC12A85B85ECD2BC5185C22D30E7F67786BB52E507C"
dependencies = [
  { name = "AxelarGateway" },
  { name = "DeepBook" },
  { name = "ITS" },
  { name = "Sui" },
]

[[move.package]]
name = "Abi"
source = { local = "../abi" }

dependencies = [
  { name = "Sui" },
]

[[move.package]]
name = "AxelarGateway"
source = { local = "../axelar_gateway" }

dependencies = [
  { name = "Sui" },
]

[[move.package]]
name = "DeepBook"
source = { git = "https://github.com/MystenLabs/sui.git", rev = "mainnet-v1.25.3", subdir = "crates/sui-framework/packages/deepbook" }

dependencies = [
  { name = "MoveStdlib" },
  { name = "Sui" },
]

[[move.package]]
name = "Governance"
source = { local = "../governance" }

dependencies = [
  { name = "Abi" },
  { name = "AxelarGateway" },
  { name = "Sui" },
]

[[move.package]]
name = "ITS"
source = { local = "../its" }

dependencies = [
  { name = "AxelarGateway" },
  { name = "Governance" },
  { name = "Sui" },
]

[[move.package]]
name = "MoveStdlib"
source = { git = "https://github.com/MystenLabs/sui.git", rev = "mainnet-v1.25.3", subdir = "crates/sui-framework/packages/move-stdlib" }

[[move.package]]
name = "Sui"
source = { git = "https://github.com/MystenLabs/sui.git", rev = "mainnet-v1.25.3", subdir = "crates/sui-framework/packages/sui-framework" }

dependencies = [
  { name = "MoveStdlib" },
]

[move.toolchain-version]
compiler-version = "1.25.1"
edition = "2024.beta"
flavor = "sui"
