# @generated by Move, please check-in and do not edit manually.

[move]
version = 2
manifest_digest = "2C434259D33563ACA10257122A25AFCFB3A8797C48EAB4CE8E2225EBD3013D46"
deps_digest = "04732BFEF428F74DE262001DC455D76B909EBC394B034A9A15CC095E4BDD9CEF"
dependencies = [
  { name = "AxelarGateway" },
  { name = "ITS" },
  { name = "RelayerDiscovery" },
  { name = "Sui" },
  { name = "Utils" },
  { name = "VersionControl" },
  { name = "deepbook" },
  { name = "token" },
]

[[move.package]]
name = "Abi"
source = { local = "../abi" }

dependencies = [
  { name = "Sui" },
]

[[move.package]]
name = "AxelarGateway"
source = { local = "../axelar_gateway" }

dependencies = [
  { name = "Sui" },
  { name = "Utils" },
  { name = "VersionControl" },
]

[[move.package]]
name = "Governance"
source = { local = "../governance" }

dependencies = [
  { name = "Abi" },
  { name = "AxelarGateway" },
  { name = "Sui" },
  { name = "Utils" },
  { name = "VersionControl" },
]

[[move.package]]
name = "ITS"
source = { local = "../its" }

dependencies = [
  { name = "AxelarGateway" },
  { name = "Governance" },
  { name = "RelayerDiscovery" },
  { name = "Sui" },
  { name = "Utils" },
  { name = "VersionControl" },
]

[[move.package]]
name = "MoveStdlib"
source = { git = "https://github.com/MystenLabs/sui.git", rev = "mainnet-v1.32.2", subdir = "crates/sui-framework/packages/move-stdlib" }

[[move.package]]
name = "RelayerDiscovery"
source = { local = "../relayer_discovery" }

dependencies = [
  { name = "AxelarGateway" },
  { name = "Sui" },
  { name = "VersionControl" },
]

[[move.package]]
name = "Sui"
source = { git = "https://github.com/MystenLabs/sui.git", rev = "mainnet-v1.32.2", subdir = "crates/sui-framework/packages/sui-framework" }

dependencies = [
  { name = "MoveStdlib" },
]

[[move.package]]
name = "Utils"
source = { local = "../utils" }

dependencies = [
  { name = "Sui" },
]

[[move.package]]
name = "VersionControl"
source = { local = "../version_control" }

dependencies = [
  { name = "Sui" },
]

[[move.package]]
name = "deepbook"
source = { git = "https://github.com/MystenLabs/deepbookv3.git", rev = "deepbook/mainnet-1.32.2", subdir = "packages/deepbook" }

dependencies = [
  { name = "Sui" },
  { name = "token" },
]

[[move.package]]
name = "token"
source = { git = "https://github.com/MystenLabs/deepbookv3.git", rev = "deepbook/mainnet-1.32.2", subdir = "packages/token" }

dependencies = [
  { name = "Sui" },
]

[move.toolchain-version]
compiler-version = "1.32.0"
edition = "2024.beta"
flavor = "sui"
