# @generated by Move, please check-in and do not edit manually.

[move]
version = 3
manifest_digest = "2BF8E393A6BC926689C2EF8893266EC21B1C76E0FE59A375A46CB3E88D4C2593"
deps_digest = "CAFAD8A7CF51067FB4358215BECB86BD100DD64E57C2AC8A7AE7D74B688F5965"
dependencies = [
  { id = "AxelarGateway", name = "AxelarGateway" },
  { id = "GasService", name = "GasService" },
  { id = "ITS", name = "ITS" },
  { id = "RelayerDiscovery", name = "RelayerDiscovery" },
  { id = "Sui", name = "Sui" },
  { id = "Utils", name = "Utils" },
  { id = "VersionControl", name = "VersionControl" },
]

[[move.package]]
id = "Abi"
source = { local = "../abi" }

dependencies = [
  { id = "Sui", name = "Sui" },
]

[[move.package]]
id = "AxelarGateway"
source = { local = "../axelar_gateway" }

dependencies = [
  { id = "MoveStdlib", name = "MoveStdlib" },
  { id = "Sui", name = "Sui" },
  { id = "Utils", name = "Utils" },
  { id = "VersionControl", name = "VersionControl" },
]

[[move.package]]
id = "GasService"
source = { local = "../gas_service" }

dependencies = [
  { id = "Sui", name = "Sui" },
  { id = "VersionControl", name = "VersionControl" },
]

[[move.package]]
id = "ITS"
source = { local = "../its" }

dependencies = [
  { id = "Abi", name = "Abi" },
  { id = "AxelarGateway", name = "AxelarGateway" },
  { id = "RelayerDiscovery", name = "RelayerDiscovery" },
  { id = "Sui", name = "Sui" },
  { id = "Utils", name = "Utils" },
  { id = "VersionControl", name = "VersionControl" },
]

[[move.package]]
id = "MoveStdlib"
source = { git = "https://github.com/MystenLabs/sui.git", rev = "testnet-v1.38.2", subdir = "crates/sui-framework/packages/move-stdlib" }

[[move.package]]
id = "RelayerDiscovery"
source = { local = "../relayer_discovery" }

dependencies = [
  { id = "AxelarGateway", name = "AxelarGateway" },
  { id = "Sui", name = "Sui" },
  { id = "VersionControl", name = "VersionControl" },
]

[[move.package]]
id = "Sui"
source = { git = "https://github.com/MystenLabs/sui.git", rev = "testnet-v1.38.2", subdir = "crates/sui-framework/packages/sui-framework" }

dependencies = [
  { id = "MoveStdlib", name = "MoveStdlib" },
]

[[move.package]]
id = "Utils"
source = { local = "../utils" }

dependencies = [
  { id = "Sui", name = "Sui" },
]

[[move.package]]
id = "VersionControl"
source = { local = "../version_control" }

dependencies = [
  { id = "Sui", name = "Sui" },
]

[move.toolchain-version]
compiler-version = "1.37.4"
edition = "2024.beta"
flavor = "sui"
