# @generated by Move, please check-in and do not edit manually.

[move]
version = 3
manifest_digest = "92BDB7F782051DCAEC830DAAECD0E1C1CE8151FE5FFB1FFDBF90CBDCE7D1902D"
deps_digest = "D7FB1F2E1A893B9A0E80A392473710373DE5791D3AC8F6D898803754B2ADAE6B"
dependencies = [
  { id = "AxelarGateway", name = "AxelarGateway" },
  { id = "Bridge", name = "Bridge" },
  { id = "GasService", name = "GasService" },
  { id = "InterchainTokenService", name = "InterchainTokenService" },
  { id = "MoveStdlib", name = "MoveStdlib" },
  { id = "Operators", name = "Operators" },
  { id = "RelayerDiscovery", name = "RelayerDiscovery" },
  { id = "Sui", name = "Sui" },
  { id = "SuiSystem", name = "SuiSystem" },
  { id = "Utils", name = "Utils" },
  { id = "VersionControl", name = "VersionControl" },
]

[[move.package]]
id = "Abi"
source = { local = "../abi" }

dependencies = [
  { id = "Sui", name = "Sui" },
]

[[move.package]]
id = "AxelarGateway"
source = { local = "../axelar_gateway" }

dependencies = [
  { id = "MoveStdlib", name = "MoveStdlib" },
  { id = "Sui", name = "Sui" },
  { id = "Utils", name = "Utils" },
  { id = "VersionControl", name = "VersionControl" },
]

[[move.package]]
id = "Bridge"
source = { git = "https://github.com/MystenLabs/sui.git", rev = "2cde80b5766b0bc2073908e10f6e3c81c93fd691", subdir = "crates/sui-framework/packages/bridge" }

dependencies = [
  { id = "MoveStdlib", name = "MoveStdlib" },
  { id = "Sui", name = "Sui" },
  { id = "SuiSystem", name = "SuiSystem" },
]

[[move.package]]
id = "GasService"
source = { local = "../gas_service" }

dependencies = [
  { id = "AxelarGateway", name = "AxelarGateway" },
  { id = "Sui", name = "Sui" },
  { id = "VersionControl", name = "VersionControl" },
]

[[move.package]]
id = "InterchainTokenService"
source = { local = "../interchain_token_service" }

dependencies = [
  { id = "Abi", name = "Abi" },
  { id = "AxelarGateway", name = "AxelarGateway" },
  { id = "RelayerDiscovery", name = "RelayerDiscovery" },
  { id = "Sui", name = "Sui" },
  { id = "Utils", name = "Utils" },
  { id = "VersionControl", name = "VersionControl" },
]

[[move.package]]
id = "MoveStdlib"
source = { git = "https://github.com/MystenLabs/sui.git", rev = "2cde80b5766b0bc2073908e10f6e3c81c93fd691", subdir = "crates/sui-framework/packages/move-stdlib" }

[[move.package]]
id = "Operators"
source = { local = "../operators" }

dependencies = [
  { id = "Sui", name = "Sui" },
]

[[move.package]]
id = "RelayerDiscovery"
source = { local = "../relayer_discovery" }

dependencies = [
  { id = "AxelarGateway", name = "AxelarGateway" },
  { id = "Sui", name = "Sui" },
  { id = "VersionControl", name = "VersionControl" },
]

[[move.package]]
id = "Sui"
source = { git = "https://github.com/MystenLabs/sui.git", rev = "2cde80b5766b0bc2073908e10f6e3c81c93fd691", subdir = "crates/sui-framework/packages/sui-framework" }

dependencies = [
  { id = "MoveStdlib", name = "MoveStdlib" },
]

[[move.package]]
id = "SuiSystem"
source = { git = "https://github.com/MystenLabs/sui.git", rev = "2cde80b5766b0bc2073908e10f6e3c81c93fd691", subdir = "crates/sui-framework/packages/sui-system" }

dependencies = [
  { id = "MoveStdlib", name = "MoveStdlib" },
  { id = "Sui", name = "Sui" },
]

[[move.package]]
id = "Utils"
source = { local = "../utils" }

dependencies = [
  { id = "Sui", name = "Sui" },
]

[[move.package]]
id = "VersionControl"
source = { local = "../version_control" }

dependencies = [
  { id = "Sui", name = "Sui" },
]

[move.toolchain-version]
compiler-version = "1.55.0"
edition = "2024"
flavor = "sui"
