# @generated by Move, please check-in and do not edit manually.

[move]
version = 2
manifest_digest = "35EEA97D60D29F06D44ECBC878C919B5E79C2A94B14C542D6A429B33F9572E97"
deps_digest = "060AD7E57DFB13104F21BE5F5C3759D03F0553FC3229247D9A7A6B45F50D03A3"
dependencies = [
  { name = "AxelarGateway" },
  { name = "GasService" },
  { name = "Sui" },
]

[[move.package]]
name = "AxelarGateway"
source = { local = "../axelar_gateway" }

dependencies = [
  { name = "Sui" },
]

[[move.package]]
name = "GasService"
source = { local = "../gas_service" }

dependencies = [
  { name = "Sui" },
]

[[move.package]]
name = "MoveStdlib"
source = { git = "https://github.com/MystenLabs/sui.git", rev = "mainnet-v1.25.3", subdir = "crates/sui-framework/packages/move-stdlib" }

[[move.package]]
name = "Sui"
source = { git = "https://github.com/MystenLabs/sui.git", rev = "mainnet-v1.25.3", subdir = "crates/sui-framework/packages/sui-framework" }

dependencies = [
  { name = "MoveStdlib" },
]

[move.toolchain-version]
compiler-version = "1.32.0"
edition = "2024.beta"
flavor = "sui"
